
Microsoft Visual Studio Solution File, Format Version 12.00
Project("{FAE04EC0-301F-11D3-BF4B-00C04F79EFBC}") = "Web", "Web\Web.csproj", "{107B1EF1-2AC4-4343-BD32-8C1FA45048DD}"
EndProject
Project("{FAE04EC0-301F-11D3-BF4B-00C04F79EFBC}") = "Persistence", "Persistence\Persistence.csproj", "{9548B1E5-505C-4EB9-B834-964A5A537B3B}"
EndProject
Project("{FAE04EC0-301F-11D3-BF4B-00C04F79EFBC}") = "Core", "Core\Core.csproj", "{3B53B7CF-74E4-43F9-96FF-0C00F20499FA}"
EndProject
Project("{FAE04EC0-301F-11D3-BF4B-00C04F79EFBC}") = "Business", "Business\Business.csproj", "{CA416611-6B80-4EB7-8F8B-14DA02CF2A83}"
EndProject
Project("{FAE04EC0-301F-11D3-BF4B-00C04F79EFBC}") = "Billwerk.Payment.SDK", "..\..\src2\Billwerk.Payment.SDK\Billwerk.Payment.SDK.csproj", "{24CC42A2-F2D9-4255-8DA8-43891D23745C}"
EndProject
Project("{FAE04EC0-301F-11D3-BF4B-00C04F79EFBC}") = "Billwerk.Payment.PayOne", "..\..\src2\Billwerk.PSP\Billwerk.Payment.PayOne\Billwerk.Payment.PayOne.csproj", "{96471AEF-E76C-46B0-BD33-35B6702DAE01}"
EndProject
Global
	GlobalSection(SolutionConfigurationPlatforms) = preSolution
		Debug|Any CPU = Debug|Any CPU
		Release|Any CPU = Release|Any CPU
	EndGlobalSection
	GlobalSection(ProjectConfigurationPlatforms) = postSolution
		{107B1EF1-2AC4-4343-BD32-8C1FA45048DD}.Debug|Any CPU.ActiveCfg = Debug|Any CPU
		{107B1EF1-2AC4-4343-BD32-8C1FA45048DD}.Debug|Any CPU.Build.0 = Debug|Any CPU
		{107B1EF1-2AC4-4343-BD32-8C1FA45048DD}.Release|Any CPU.ActiveCfg = Release|Any CPU
		{107B1EF1-2AC4-4343-BD32-8C1FA45048DD}.Release|Any CPU.Build.0 = Release|Any CPU
		{9548B1E5-505C-4EB9-B834-964A5A537B3B}.Debug|Any CPU.ActiveCfg = Debug|Any CPU
		{9548B1E5-505C-4EB9-B834-964A5A537B3B}.Debug|Any CPU.Build.0 = Debug|Any CPU
		{9548B1E5-505C-4EB9-B834-964A5A537B3B}.Release|Any CPU.ActiveCfg = Release|Any CPU
		{9548B1E5-505C-4EB9-B834-964A5A537B3B}.Release|Any CPU.Build.0 = Release|Any CPU
		{3B53B7CF-74E4-43F9-96FF-0C00F20499FA}.Debug|Any CPU.ActiveCfg = Debug|Any CPU
		{3B53B7CF-74E4-43F9-96FF-0C00F20499FA}.Debug|Any CPU.Build.0 = Debug|Any CPU
		{3B53B7CF-74E4-43F9-96FF-0C00F20499FA}.Release|Any CPU.ActiveCfg = Release|Any CPU
		{3B53B7CF-74E4-43F9-96FF-0C00F20499FA}.Release|Any CPU.Build.0 = Release|Any CPU
		{CA416611-6B80-4EB7-8F8B-14DA02CF2A83}.Debug|Any CPU.ActiveCfg = Debug|Any CPU
		{CA416611-6B80-4EB7-8F8B-14DA02CF2A83}.Debug|Any CPU.Build.0 = Debug|Any CPU
		{CA416611-6B80-4EB7-8F8B-14DA02CF2A83}.Release|Any CPU.ActiveCfg = Release|Any CPU
		{CA416611-6B80-4EB7-8F8B-14DA02CF2A83}.Release|Any CPU.Build.0 = Release|Any CPU
		{24CC42A2-F2D9-4255-8DA8-43891D23745C}.Debug|Any CPU.ActiveCfg = Debug|Any CPU
		{24CC42A2-F2D9-4255-8DA8-43891D23745C}.Debug|Any CPU.Build.0 = Debug|Any CPU
		{24CC42A2-F2D9-4255-8DA8-43891D23745C}.Release|Any CPU.ActiveCfg = Release|Any CPU
		{24CC42A2-F2D9-4255-8DA8-43891D23745C}.Release|Any CPU.Build.0 = Release|Any CPU
		{96471AEF-E76C-46B0-BD33-35B6702DAE01}.Debug|Any CPU.ActiveCfg = Debug|Any CPU
		{96471AEF-E76C-46B0-BD33-35B6702DAE01}.Debug|Any CPU.Build.0 = Debug|Any CPU
		{96471AEF-E76C-46B0-BD33-35B6702DAE01}.Release|Any CPU.ActiveCfg = Release|Any CPU
		{96471AEF-E76C-46B0-BD33-35B6702DAE01}.Release|Any CPU.Build.0 = Release|Any CPU
	EndGlobalSection
EndGlobal
